// !$*UTF8*$!
{
	archiveVersion = 1;
	classes = {
	};
	objectVersion = 46;
	objects = {

/* Begin PBXBuildFile section */
		AB5018481D795600000D853D /* AppDelegate.swift in Sources */ = {isa = PBXBuildFile; fileRef = AB5018471D795600000D853D /* AppDelegate.swift */; };
		AB50184A1D795600000D853D /* ViewController.swift in Sources */ = {isa = PBXBuildFile; fileRef = AB5018491D795600000D853D /* ViewController.swift */; };
		AB50184D1D795600000D853D /* Main.storyboard in Resources */ = {isa = PBXBuildFile; fileRef = AB50184B1D795600000D853D /* Main.storyboard */; };
		AB50184F1D795600000D853D /* Assets.xcassets in Resources */ = {isa = PBXBuildFile; fileRef = AB50184E1D795600000D853D /* Assets.xcassets */; };
		AB5018521D795600000D853D /* LaunchScreen.storyboard in Resources */ = {isa = PBXBuildFile; fileRef = AB5018501D795600000D853D /* LaunchScreen.storyboard */; };
		AB50187E1D795771000D853D /* RLTableViewCell.swift in Sources */ = {isa = PBXBuildFile; fileRef = AB50187C1D795771000D853D /* RLTableViewCell.swift */; };
		AB50187F1D795771000D853D /* RLTableViewController.swift in Sources */ = {isa = PBXBuildFile; fileRef = AB50187D1D795771000D853D /* RLTableViewController.swift */; };
		AB5018811D795798000D853D /* RLTextField.swift in Sources */ = {isa = PBXBuildFile; fileRef = AB5018801D795798000D853D /* RLTextField.swift */; };
/* End PBXBuildFile section */

/* Begin PBXFileReference section */
		AB5018441D795600000D853D /* RLTableView - DEMO.app */ = {isa = PBXFileReference; explicitFileType = wrapper.application; includeInIndex = 0; path = "RLTableView - DEMO.app"; sourceTree = BUILT_PRODUCTS_DIR; };
		AB5018471D795600000D853D /* AppDelegate.swift */ = {isa = PBXFileReference; lastKnownFileType = sourcecode.swift; path = AppDelegate.swift; sourceTree = "<group>"; };
		AB5018491D795600000D853D /* ViewController.swift */ = {isa = PBXFileReference; lastKnownFileType = sourcecode.swift; path = ViewController.swift; sourceTree = "<group>"; };
		AB50184C1D795600000D853D /* Base */ = {isa = PBXFileReference; lastKnownFileType = file.storyboard; name = Base; path = Base.lproj/Main.storyboard; sourceTree = "<group>"; };
		AB50184E1D795600000D853D /* Assets.xcassets */ = {isa = PBXFileReference; lastKnownFileType = folder.assetcatalog; path = Assets.xcassets; sourceTree = "<group>"; };
		AB5018511D795600000D853D /* Base */ = {isa = PBXFileReference; lastKnownFileType = file.storyboard; name = Base; path = Base.lproj/LaunchScreen.storyboard; sourceTree = "<group>"; };
		AB5018531D795600000D853D /* Info.plist */ = {isa = PBXFileReference; lastKnownFileType = text.plist.xml; path = Info.plist; sourceTree = "<group>"; };
		AB50187C1D795771000D853D /* RLTableViewCell.swift */ = {isa = PBXFileReference; fileEncoding = 4; lastKnownFileType = sourcecode.swift; name = RLTableViewCell.swift; path = ../../RLTableViewCell.swift; sourceTree = "<group>"; };
		AB50187D1D795771000D853D /* RLTableViewController.swift */ = {isa = PBXFileReference; fileEncoding = 4; lastKnownFileType = sourcecode.swift; name = RLTableViewController.swift; path = ../../RLTableViewController.swift; sourceTree = "<group>"; };
		AB5018801D795798000D853D /* RLTextField.swift */ = {isa = PBXFileReference; fileEncoding = 4; lastKnownFileType = sourcecode.swift; name = RLTextField.swift; path = ../../../RLTextField/RLTextField.swift; sourceTree = "<group>"; };
/* End PBXFileReference section */

/* Begin PBXFrameworksBuildPhase section */
		AB5018411D795600000D853D /* Frameworks */ = {
			isa = PBXFrameworksBuildPhase;
			buildActionMask = 2147483647;
			files = (
			);
			runOnlyForDeploymentPostprocessing = 0;
		};
/* End PBXFrameworksBuildPhase section */

/* Begin PBXGroup section */
		AB50183B1D795600000D853D = {
			isa = PBXGroup;
			children = (
				AB5018461D795600000D853D /* RLTableView - DEMO */,
				AB5018451D795600000D853D /* Products */,
			);
			sourceTree = "<group>";
		};
		AB5018451D795600000D853D /* Products */ = {
			isa = PBXGroup;
			children = (
				AB5018441D795600000D853D /* RLTableView - DEMO.app */,
			);
			name = Products;
			sourceTree = "<group>";
		};
		AB5018461D795600000D853D /* RLTableView - DEMO */ = {
			isa = PBXGroup;
			children = (
				AB5018471D795600000D853D /* AppDelegate.swift */,
				AB5018491D795600000D853D /* ViewController.swift */,
				AB50187C1D795771000D853D /* RLTableViewCell.swift */,
				AB50187D1D795771000D853D /* RLTableViewController.swift */,
				AB5018801D795798000D853D /* RLTextField.swift */,
				AB50184B1D795600000D853D /* Main.storyboard */,
				AB50184E1D795600000D853D /* Assets.xcassets */,
				AB5018501D795600000D853D /* LaunchScreen.storyboard */,
				AB5018531D795600000D853D /* Info.plist */,
			);
			path = "RLTableView - DEMO";
			sourceTree = "<group>";
		};
/* End PBXGroup section */

/* Begin PBXNativeTarget section */
		AB5018431D795600000D853D /* RLTableView - DEMO */ = {
			isa = PBXNativeTarget;
			buildConfigurationList = AB5018561D795600000D853D /* Build configuration list for PBXNativeTarget "RLTableView - DEMO" */;
			buildPhases = (
				AB5018401D795600000D853D /* Sources */,
				AB5018411D795600000D853D /* Frameworks */,
				AB5018421D795600000D853D /* Resources */,
			);
			buildRules = (
			);
			dependencies = (
			);
			name = "RLTableView - DEMO";
			productName = "RLTableView - DEMO";
			productReference = AB5018441D795600000D853D /* RLTableView - DEMO.app */;
			productType = "com.apple.product-type.application";
		};
/* End PBXNativeTarget section */

/* Begin PBXProject section */
		AB50183C1D795600000D853D /* Project object */ = {
			isa = PBXProject;
			attributes = {
				LastSwiftUpdateCheck = 0730;
				LastUpgradeCheck = 0730;
				ORGANIZATIONNAME = Rice;
				TargetAttributes = {
					AB5018431D795600000D853D = {
						CreatedOnToolsVersion = 7.3.1;
						DevelopmentTeam = 9RREDA5672;
					};
				};
			};
			buildConfigurationList = AB50183F1D795600000D853D /* Build configuration list for PBXProject "RLTableView - DEMO" */;
			compatibilityVersion = "Xcode 3.2";
			developmentRegion = English;
			hasScannedForEncodings = 0;
			knownRegions = (
				en,
				Base,
			);
			mainGroup = AB50183B1D795600000D853D;
			productRefGroup = AB5018451D795600000D853D /* Products */;
			projectDirPath = "";
			projectRoot = "";
			targets = (
				AB5018431D795600000D853D /* RLTableView - DEMO */,
			);
		};
/* End PBXProject section */

/* Begin PBXResourcesBuildPhase section */
		AB5018421D795600000D853D /* Resources */ = {
			isa = PBXResourcesBuildPhase;
			buildActionMask = 2147483647;
			files = (
				AB5018521D795600000D853D /* LaunchScreen.storyboard in Resources */,
				AB50184F1D795600000D853D /* Assets.xcassets in Resources */,
				AB50184D1D795600000D853D /* Main.storyboard in Resources */,
			);
			runOnlyForDeploymentPostprocessing = 0;
		};
/* End PBXResourcesBuildPhase section */

/* Begin PBXSourcesBuildPhase section */
		AB5018401D795600000D853D /* Sources */ = {
			isa = PBXSourcesBuildPhase;
			buildActionMask = 2147483647;
			files = (
				AB50187E1D795771000D853D /* RLTableViewCell.swift in Sources */,
				AB50184A1D795600000D853D /* ViewController.swift in Sources */,
				AB5018481D795600000D853D /* AppDelegate.swift in Sources */,
				AB5018811D795798000D853D /* RLTextField.swift in Sources */,
				AB50187F1D795771000D853D /* RLTableViewController.swift in Sources */,
			);
			runOnlyForDeploymentPostprocessing = 0;
		};
/* End PBXSourcesBuildPhase section */

/* Begin PBXVariantGroup section */
		AB50184B1D795600000D853D /* Main.storyboard */ = {
			isa = PBXVariantGroup;
			children = (
				AB50184C1D795600000D853D /* Base */,
			);
			name = Main.storyboard;
			sourceTree = "<group>";
		};
		AB5018501D795600000D853D /* LaunchScreen.storyboard */ = {
			isa = PBXVariantGroup;
			children = (
				AB5018511D795600000D853D /* Base */,
			);
			name = LaunchScreen.storyboard;
			sourceTree = "<group>";
		};
/* End PBXVariantGroup section */

/* Begin XCBuildConfiguration section */
		AB5018541D795600000D853D /* Debug */ = {
			isa = XCBuildConfiguration;
			buildSettings = {
				ALWAYS_SEARCH_USER_PATHS = NO;
				CLANG_ANALYZER_NONNULL = YES;
				CLANG_CXX_LANGUAGE_STANDARD = "gnu++0x";
				CLANG_CXX_LIBRARY = "libc++";
				CLANG_ENABLE_MODULES = YES;
				CLANG_ENABLE_OBJC_ARC = YES;
				CLANG_WARN_BOOL_CONVERSION = YES;
				CLANG_WARN_CONSTANT_CONVERSION = YES;
				CLANG_WARN_DIRECT_OBJC_ISA_USAGE = YES_ERROR;
				CLANG_WARN_EMPTY_BODY = YES;
				CLANG_WARN_ENUM_CONVERSION = YES;
				CLANG_WARN_INT_CONVERSION = YES;
				CLANG_WARN_OBJC_ROOT_CLASS = YES_ERROR;
				CLANG_WARN_UNREACHABLE_CODE = YES;
				CLANG_WARN__DUPLICATE_METHOD_MATCH = YES;
				"CODE_SIGN_IDENTITY[sdk=iphoneos*]" = "iPhone Developer";
				COPY_PHASE_STRIP = NO;
				DEBUG_INFORMATION_FORMAT = dwarf;
				ENABLE_STRICT_OBJC_MSGSEND = YES;
				ENABLE_TESTABILITY = YES;
				GCC_C_LANGUAGE_STANDARD = gnu99;
				GCC_DYNAMIC_NO_PIC = NO;
				GCC_NO_COMMON_BLOCKS = YES;
				GCC_OPTIMIZATION_LEVEL = 0;
				GCC_PREPROCESSOR_DEFINITIONS = (
					"DEBUG=1",
					"$(inherited)",
				);
				GCC_WARN_64_TO_32_BIT_CONVERSION = YES;
				GCC_WARN_ABOUT_RETURN_TYPE = YES_ERROR;
				GCC_WARN_UNDECLARED_SELECTOR = YES;
				GCC_WARN_UNINITIALIZED_AUTOS = YES_AGGRESSIVE;
				GCC_WARN_UNUSED_FUNCTION = YES;
				GCC_WARN_UNUSED_VARIABLE = YES;
				IPHONEOS_DEPLOYMENT_TARGET = 9.3;
				MTL_ENABLE_DEBUG_INFO = YES;
				ONLY_ACTIVE_ARCH = YES;
				SDKROOT = iphoneos;
				SWIFT_OPTIMIZATION_LEVEL = "-Onone";
				TARGETED_DEVICE_FAMILY = "1,2";
			};
			name = Debug;
		};
		AB5018551D795600000D853D /* Release */ = {
			isa = XCBuildConfiguration;
			buildSettings = {
				ALWAYS_SEARCH_USER_PATHS = NO;
				CLANG_ANALYZER_NONNULL = YES;
				CLANG_CXX_LANGUAGE_STANDARD = "gnu++0x";
				CLANG_CXX_LIBRARY = "libc++";
				CLANG_ENABLE_MODULES = YES;
				CLANG_ENABLE_OBJC_ARC = YES;
				CLANG_WARN_BOOL_CONVERSION = YES;
				CLANG_WARN_CONSTANT_CONVERSION = YES;
				CLANG_WARN_DIRECT_OBJC_ISA_USAGE = YES_ERROR;
				CLANG_WARN_EMPTY_BODY = YES;
				CLANG_WARN_ENUM_CONVERSION = YES;
				CLANG_WARN_INT_CONVERSION = YES;
				CLANG_WARN_OBJC_ROOT_CLASS = YES_ERROR;
				CLANG_WARN_UNREACHABLE_CODE = YES;
				CLANG_WARN__DUPLICATE_METHOD_MATCH = YES;
				"CODE_SIGN_IDENTITY[sdk=iphoneos*]" = "iPhone Developer";
				COPY_PHASE_STRIP = NO;
				DEBUG_INFORMATION_FORMAT = "dwarf-with-dsym";
				ENABLE_NS_ASSERTIONS = NO;
				ENABLE_STRICT_OBJC_MSGSEND = YES;
				GCC_C_LANGUAGE_STANDARD = gnu99;
				GCC_NO_COMMON_BLOCKS = YES;
				GCC_WARN_64_TO_32_BIT_CONVERSION = YES;
				GCC_WARN_ABOUT_RETURN_TYPE = YES_ERROR;
				GCC_WARN_UNDECLARED_SELECTOR = YES;
				GCC_WARN_UNINITIALIZED_AUTOS = YES_AGGRESSIVE;
				GCC_WARN_UNUSED_FUNCTION = YES;
				GCC_WARN_UNUSED_VARIABLE = YES;
				IPHONEOS_DEPLOYMENT_TARGET = 9.3;
				MTL_ENABLE_DEBUG_INFO = NO;
				SDKROOT = iphoneos;
				TARGETED_DEVICE_FAMILY = "1,2";
				VALIDATE_PRODUCT = YES;
			};
			name = Release;
		};
		AB5018571D795600000D853D /* Debug */ = {
			isa = XCBuildConfiguration;
			buildSettings = {
				ASSETCATALOG_COMPILER_APPICON_NAME = AppIcon;
				INFOPLIST_FILE = "RLTableView - DEMO/Info.plist";
				LD_RUNPATH_SEARCH_PATHS = "$(inherited) @executable_path/Frameworks";
				PRODUCT_BUNDLE_IDENTIFIER = "com.Rice.RLTableView---DEMO";
				PRODUCT_NAME = "$(TARGET_NAME)";
			};
			name = Debug;
		};
		AB5018581D795600000D853D /* Release */ = {
			isa = XCBuildConfiguration;
			buildSettings = {
				ASSETCATALOG_COMPILER_APPICON_NAME = AppIcon;
				INFOPLIST_FILE = "RLTableView - DEMO/Info.plist";
				LD_RUNPATH_SEARCH_PATHS = "$(inherited) @executable_path/Frameworks";
				PRODUCT_BUNDLE_IDENTIFIER = "com.Rice.RLTableView---DEMO";
				PRODUCT_NAME = "$(TARGET_NAME)";
			};
			name = Release;
		};
/* End XCBuildConfiguration section */

/* Begin XCConfigurationList section */
		AB50183F1D795600000D853D /* Build configuration list for PBXProject "RLTableView - DEMO" */ = {
			isa = XCConfigurationList;
			buildConfigurations = (
				AB5018541D795600000D853D /* Debug */,
				AB5018551D795600000D853D /* Release */,
			);
			defaultConfigurationIsVisible = 0;
			defaultConfigurationName = Release;
		};
		AB5018561D795600000D853D /* Build configuration list for PBXNativeTarget "RLTableView - DEMO" */ = {
			isa = XCConfigurationList;
			buildConfigurations = (
				AB5018571D795600000D853D /* Debug */,
				AB5018581D795600000D853D /* Release */,
			);
			defaultConfigurationIsVisible = 0;
			defaultConfigurationName = Release;
		};
/* End XCConfigurationList section */
	};
	rootObject = AB50183C1D795600000D853D /* Project object */;
}
